
Microsoft Visual Studio Solution File, Format Version 12.00
# Visual Studio 15
VisualStudioVersion = 15.0.26124.0
MinimumVisualStudioVersion = 15.0.26124.0
Project("{FAE04EC0-301F-11D3-BF4B-00C04F79EFBC}") = "GoalsApp", "GoalsApp\GoalsApp.csproj", "{8CD4349A-865D-49DB-9103-E2E85543DD98}"
EndProject
Project("{FAE04EC0-301F-11D3-BF4B-00C04F79EFBC}") = "GoalsApp.Tests", "GoalsApp.Tests\GoalsApp.Tests.csproj", "{DA656A93-AAEF-4D30-9E09-90AA136F2760}"
EndProject
Project("{FAE04EC0-301F-11D3-BF4B-00C04F79EFBC}") = "GoalsApp.Migration", "GoalsApp.Migration\GoalsApp.Migration.csproj", "{D69CBF5A-7157-442E-9CC2-B97851A73D53}"
EndProject
Global
	GlobalSection(SolutionConfigurationPlatforms) = preSolution
		Debug|Any CPU = Debug|Any CPU
		Debug|x64 = Debug|x64
		Debug|x86 = Debug|x86
		Release|Any CPU = Release|Any CPU
		Release|x64 = Release|x64
		Release|x86 = Release|x86
	EndGlobalSection
	GlobalSection(SolutionProperties) = preSolution
		HideSolutionNode = FALSE
	EndGlobalSection
	GlobalSection(ProjectConfigurationPlatforms) = postSolution
		{8CD4349A-865D-49DB-9103-E2E85543DD98}.Debug|Any CPU.ActiveCfg = Debug|Any CPU
		{8CD4349A-865D-49DB-9103-E2E85543DD98}.Debug|Any CPU.Build.0 = Debug|Any CPU
		{8CD4349A-865D-49DB-9103-E2E85543DD98}.Debug|x64.ActiveCfg = Debug|Any CPU
		{8CD4349A-865D-49DB-9103-E2E85543DD98}.Debug|x64.Build.0 = Debug|Any CPU
		{8CD4349A-865D-49DB-9103-E2E85543DD98}.Debug|x86.ActiveCfg = Debug|Any CPU
		{8CD4349A-865D-49DB-9103-E2E85543DD98}.Debug|x86.Build.0 = Debug|Any CPU
		{8CD4349A-865D-49DB-9103-E2E85543DD98}.Release|Any CPU.ActiveCfg = Release|Any CPU
		{8CD4349A-865D-49DB-9103-E2E85543DD98}.Release|Any CPU.Build.0 = Release|Any CPU
		{8CD4349A-865D-49DB-9103-E2E85543DD98}.Release|x64.ActiveCfg = Release|Any CPU
		{8CD4349A-865D-49DB-9103-E2E85543DD98}.Release|x64.Build.0 = Release|Any CPU
		{8CD4349A-865D-49DB-9103-E2E85543DD98}.Release|x86.ActiveCfg = Release|Any CPU
		{8CD4349A-865D-49DB-9103-E2E85543DD98}.Release|x86.Build.0 = Release|Any CPU
		{DA656A93-AAEF-4D30-9E09-90AA136F2760}.Debug|Any CPU.ActiveCfg = Debug|Any CPU
		{DA656A93-AAEF-4D30-9E09-90AA136F2760}.Debug|Any CPU.Build.0 = Debug|Any CPU
		{DA656A93-AAEF-4D30-9E09-90AA136F2760}.Debug|x64.ActiveCfg = Debug|Any CPU
		{DA656A93-AAEF-4D30-9E09-90AA136F2760}.Debug|x64.Build.0 = Debug|Any CPU
		{DA656A93-AAEF-4D30-9E09-90AA136F2760}.Debug|x86.ActiveCfg = Debug|Any CPU
		{DA656A93-AAEF-4D30-9E09-90AA136F2760}.Debug|x86.Build.0 = Debug|Any CPU
		{DA656A93-AAEF-4D30-9E09-90AA136F2760}.Release|Any CPU.ActiveCfg = Release|Any CPU
		{DA656A93-AAEF-4D30-9E09-90AA136F2760}.Release|Any CPU.Build.0 = Release|Any CPU
		{DA656A93-AAEF-4D30-9E09-90AA136F2760}.Release|x64.ActiveCfg = Release|Any CPU
		{DA656A93-AAEF-4D30-9E09-90AA136F2760}.Release|x64.Build.0 = Release|Any CPU
		{DA656A93-AAEF-4D30-9E09-90AA136F2760}.Release|x86.ActiveCfg = Release|Any CPU
		{DA656A93-AAEF-4D30-9E09-90AA136F2760}.Release|x86.Build.0 = Release|Any CPU
		{D69CBF5A-7157-442E-9CC2-B97851A73D53}.Debug|Any CPU.ActiveCfg = Debug|Any CPU
		{D69CBF5A-7157-442E-9CC2-B97851A73D53}.Debug|Any CPU.Build.0 = Debug|Any CPU
		{D69CBF5A-7157-442E-9CC2-B97851A73D53}.Debug|x64.ActiveCfg = Debug|Any CPU
		{D69CBF5A-7157-442E-9CC2-B97851A73D53}.Debug|x64.Build.0 = Debug|Any CPU
		{D69CBF5A-7157-442E-9CC2-B97851A73D53}.Debug|x86.ActiveCfg = Debug|Any CPU
		{D69CBF5A-7157-442E-9CC2-B97851A73D53}.Debug|x86.Build.0 = Debug|Any CPU
		{D69CBF5A-7157-442E-9CC2-B97851A73D53}.Release|Any CPU.ActiveCfg = Release|Any CPU
		{D69CBF5A-7157-442E-9CC2-B97851A73D53}.Release|Any CPU.Build.0 = Release|Any CPU
		{D69CBF5A-7157-442E-9CC2-B97851A73D53}.Release|x64.ActiveCfg = Release|Any CPU
		{D69CBF5A-7157-442E-9CC2-B97851A73D53}.Release|x64.Build.0 = Release|Any CPU
		{D69CBF5A-7157-442E-9CC2-B97851A73D53}.Release|x86.ActiveCfg = Release|Any CPU
		{D69CBF5A-7157-442E-9CC2-B97851A73D53}.Release|x86.Build.0 = Release|Any CPU
	EndGlobalSection
EndGlobal
